
Microsoft Visual Studio Solution File, Format Version 12.00
# Visual Studio Version 16
VisualStudioVersion = 16.0.28803.352
MinimumVisualStudioVersion = 10.0.40219.1
Project("{FAE04EC0-301F-11D3-BF4B-00C04F79EFBC}") = "HHScraper", "HHScraper.csproj", "{0E0541AF-4896-45E7-9B31-0C5540153288}"
EndProject
Project("{FAE04EC0-301F-11D3-BF4B-00C04F79EFBC}") = "HHScraperTester", "..\HHScraperTester\HHScraperTester.csproj", "{F3FD6FB7-E91D-4958-A5B3-39AC408B5885}"
EndProject
Project("{FAE04EC0-301F-11D3-BF4B-00C04F79EFBC}") = "HHScraperTesterImages", "..\HHScraperTesterImages\HHScraperTesterImages.csproj", "{4DF2C086-E126-4143-891E-55DFCB58C5EB}"
EndProject
Global
	GlobalSection(SolutionConfigurationPlatforms) = preSolution
		Debug|Any CPU = Debug|Any CPU
		Release|Any CPU = Release|Any CPU
	EndGlobalSection
	GlobalSection(ProjectConfigurationPlatforms) = postSolution
		{0E0541AF-4896-45E7-9B31-0C5540153288}.Debug|Any CPU.ActiveCfg = Debug|Any CPU
		{0E0541AF-4896-45E7-9B31-0C5540153288}.Debug|Any CPU.Build.0 = Debug|Any CPU
		{0E0541AF-4896-45E7-9B31-0C5540153288}.Release|Any CPU.ActiveCfg = Release|Any CPU
		{0E0541AF-4896-45E7-9B31-0C5540153288}.Release|Any CPU.Build.0 = Release|Any CPU
		{F3FD6FB7-E91D-4958-A5B3-39AC408B5885}.Debug|Any CPU.ActiveCfg = Debug|Any CPU
		{F3FD6FB7-E91D-4958-A5B3-39AC408B5885}.Debug|Any CPU.Build.0 = Debug|Any CPU
		{F3FD6FB7-E91D-4958-A5B3-39AC408B5885}.Release|Any CPU.ActiveCfg = Release|Any CPU
		{F3FD6FB7-E91D-4958-A5B3-39AC408B5885}.Release|Any CPU.Build.0 = Release|Any CPU
		{4DF2C086-E126-4143-891E-55DFCB58C5EB}.Debug|Any CPU.ActiveCfg = Debug|Any CPU
		{4DF2C086-E126-4143-891E-55DFCB58C5EB}.Debug|Any CPU.Build.0 = Debug|Any CPU
		{4DF2C086-E126-4143-891E-55DFCB58C5EB}.Release|Any CPU.ActiveCfg = Release|Any CPU
		{4DF2C086-E126-4143-891E-55DFCB58C5EB}.Release|Any CPU.Build.0 = Release|Any CPU
	EndGlobalSection
	GlobalSection(SolutionProperties) = preSolution
		HideSolutionNode = FALSE
	EndGlobalSection
	GlobalSection(ExtensibilityGlobals) = postSolution
		SolutionGuid = {956929E0-E683-4F18-9307-C2440E8E885F}
	EndGlobalSection
EndGlobal
